// !$*UTF8*$!
{
	archiveVersion = 1;
	classes = {
	};
	objectVersion = 46;
	objects = {

/* Begin PBXBuildFile section */
		FAAEB19E1B331BB1005BCCF8 /* main.m in Sources */ = {isa = PBXBuildFile; fileRef = FAAEB19D1B331BB1005BCCF8 /* main.m */; };
		FAAEB1A11B331BB1005BCCF8 /* AppDelegate.m in Sources */ = {isa = PBXBuildFile; fileRef = FAAEB1A01B331BB1005BCCF8 /* AppDelegate.m */; };
		FAAEB1A41B331BB1005BCCF8 /* ViewController.m in Sources */ = {isa = PBXBuildFile; fileRef = FAAEB1A31B331BB1005BCCF8 /* ViewController.m */; };
		FAAEB1A71B331BB1005BCCF8 /* Main.storyboard in Resources */ = {isa = PBXBuildFile; fileRef = FAAEB1A51B331BB1005BCCF8 /* Main.storyboard */; };
		FAAEB1A91B331BB1005BCCF8 /* Images.xcassets in Resources */ = {isa = PBXBuildFile; fileRef = FAAEB1A81B331BB1005BCCF8 /* Images.xcassets */; };
		FAAEB1AC1B331BB1005BCCF8 /* LaunchScreen.xib in Resources */ = {isa = PBXBuildFile; fileRef = FAAEB1AA1B331BB1005BCCF8 /* LaunchScreen.xib */; };
		FAAEB1B81B331BB1005BCCF8 /* FastestRPMTests.m in Sources */ = {isa = PBXBuildFile; fileRef = FAAEB1B71B331BB1005BCCF8 /* FastestRPMTests.m */; };
/* End PBXBuildFile section */

/* Begin PBXContainerItemProxy section */
		FAAEB1B21B331BB1005BCCF8 /* PBXContainerItemProxy */ = {
			isa = PBXContainerItemProxy;
			containerPortal = FAAEB1901B331BB1005BCCF8 /* Project object */;
			proxyType = 1;
			remoteGlobalIDString = FAAEB1971B331BB1005BCCF8;
			remoteInfo = FastestRPM;
		};
/* End PBXContainerItemProxy section */

/* Begin PBXFileReference section */
		FAAEB1981B331BB1005BCCF8 /* FastestRPM.app */ = {isa = PBXFileReference; explicitFileType = wrapper.application; includeInIndex = 0; path = FastestRPM.app; sourceTree = BUILT_PRODUCTS_DIR; };
		FAAEB19C1B331BB1005BCCF8 /* Info.plist */ = {isa = PBXFileReference; lastKnownFileType = text.plist.xml; path = Info.plist; sourceTree = "<group>"; };
		FAAEB19D1B331BB1005BCCF8 /* main.m */ = {isa = PBXFileReference; lastKnownFileType = sourcecode.c.objc; path = main.m; sourceTree = "<group>"; };
		FAAEB19F1B331BB1005BCCF8 /* AppDelegate.h */ = {isa = PBXFileReference; lastKnownFileType = sourcecode.c.h; path = AppDelegate.h; sourceTree = "<group>"; };
		FAAEB1A01B331BB1005BCCF8 /* AppDelegate.m */ = {isa = PBXFileReference; lastKnownFileType = sourcecode.c.objc; path = AppDelegate.m; sourceTree = "<group>"; };
		FAAEB1A21B331BB1005BCCF8 /* ViewController.h */ = {isa = PBXFileReference; lastKnownFileType = sourcecode.c.h; path = ViewController.h; sourceTree = "<group>"; };
		FAAEB1A31B331BB1005BCCF8 /* ViewController.m */ = {isa = PBXFileReference; lastKnownFileType = sourcecode.c.objc; path = ViewController.m; sourceTree = "<group>"; };
		FAAEB1A61B331BB1005BCCF8 /* Base */ = {isa = PBXFileReference; lastKnownFileType = file.storyboard; name = Base; path = Base.lproj/Main.storyboard; sourceTree = "<group>"; };
		FAAEB1A81B331BB1005BCCF8 /* Images.xcassets */ = {isa = PBXFileReference; lastKnownFileType = folder.assetcatalog; path = Images.xcassets; sourceTree = "<group>"; };
		FAAEB1AB1B331BB1005BCCF8 /* Base */ = {isa = PBXFileReference; lastKnownFileType = file.xib; name = Base; path = Base.lproj/LaunchScreen.xib; sourceTree = "<group>"; };
		FAAEB1B11B331BB1005BCCF8 /* FastestRPMTests.xctest */ = {isa = PBXFileReference; explicitFileType = wrapper.cfbundle; includeInIndex = 0; path = FastestRPMTests.xctest; sourceTree = BUILT_PRODUCTS_DIR; };
		FAAEB1B61B331BB1005BCCF8 /* Info.plist */ = {isa = PBXFileReference; lastKnownFileType = text.plist.xml; path = Info.plist; sourceTree = "<group>"; };
		FAAEB1B71B331BB1005BCCF8 /* FastestRPMTests.m */ = {isa = PBXFileReference; lastKnownFileType = sourcecode.c.objc; path = FastestRPMTests.m; sourceTree = "<group>"; };
/* End PBXFileReference section */

/* Begin PBXFrameworksBuildPhase section */
		FAAEB1951B331BB1005BCCF8 /* Frameworks */ = {
			isa = PBXFrameworksBuildPhase;
			buildActionMask = 2147483647;
			files = (
			);
			runOnlyForDeploymentPostprocessing = 0;
		};
		FAAEB1AE1B331BB1005BCCF8 /* Frameworks */ = {
			isa = PBXFrameworksBuildPhase;
			buildActionMask = 2147483647;
			files = (
			);
			runOnlyForDeploymentPostprocessing = 0;
		};
/* End PBXFrameworksBuildPhase section */

/* Begin PBXGroup section */
		FAAEB18F1B331BB1005BCCF8 = {
			isa = PBXGroup;
			children = (
				FAAEB19A1B331BB1005BCCF8 /* FastestRPM */,
				FAAEB1B41B331BB1005BCCF8 /* FastestRPMTests */,
				FAAEB1991B331BB1005BCCF8 /* Products */,
			);
			sourceTree = "<group>";
		};
		FAAEB1991B331BB1005BCCF8 /* Products */ = {
			isa = PBXGroup;
			children = (
				FAAEB1981B331BB1005BCCF8 /* FastestRPM.app */,
				FAAEB1B11B331BB1005BCCF8 /* FastestRPMTests.xctest */,
			);
			name = Products;
			sourceTree = "<group>";
		};
		FAAEB19A1B331BB1005BCCF8 /* FastestRPM */ = {
			isa = PBXGroup;
			children = (
				FAAEB19F1B331BB1005BCCF8 /* AppDelegate.h */,
				FAAEB1A01B331BB1005BCCF8 /* AppDelegate.m */,
				FAAEB1A21B331BB1005BCCF8 /* ViewController.h */,
				FAAEB1A31B331BB1005BCCF8 /* ViewController.m */,
				FAAEB1A51B331BB1005BCCF8 /* Main.storyboard */,
				FAAEB1A81B331BB1005BCCF8 /* Images.xcassets */,
				FAAEB1AA1B331BB1005BCCF8 /* LaunchScreen.xib */,
				FAAEB19B1B331BB1005BCCF8 /* Supporting Files */,
			);
			path = FastestRPM;
			sourceTree = "<group>";
		};
		FAAEB19B1B331BB1005BCCF8 /* Supporting Files */ = {
			isa = PBXGroup;
			children = (
				FAAEB19C1B331BB1005BCCF8 /* Info.plist */,
				FAAEB19D1B331BB1005BCCF8 /* main.m */,
			);
			name = "Supporting Files";
			sourceTree = "<group>";
		};
		FAAEB1B41B331BB1005BCCF8 /* FastestRPMTests */ = {
			isa = PBXGroup;
			children = (
				FAAEB1B71B331BB1005BCCF8 /* FastestRPMTests.m */,
				FAAEB1B51B331BB1005BCCF8 /* Supporting Files */,
			);
			path = FastestRPMTests;
			sourceTree = "<group>";
		};
		FAAEB1B51B331BB1005BCCF8 /* Supporting Files */ = {
			isa = PBXGroup;
			children = (
				FAAEB1B61B331BB1005BCCF8 /* Info.plist */,
			);
			name = "Supporting Files";
			sourceTree = "<group>";
		};
/* End PBXGroup section */

/* Begin PBXNativeTarget section */
		FAAEB1971B331BB1005BCCF8 /* FastestRPM */ = {
			isa = PBXNativeTarget;
			buildConfigurationList = FAAEB1BB1B331BB1005BCCF8 /* Build configuration list for PBXNativeTarget "FastestRPM" */;
			buildPhases = (
				FAAEB1941B331BB1005BCCF8 /* Sources */,
				FAAEB1951B331BB1005BCCF8 /* Frameworks */,
				FAAEB1961B331BB1005BCCF8 /* Resources */,
			);
			buildRules = (
			);
			dependencies = (
			);
			name = FastestRPM;
			productName = FastestRPM;
			productReference = FAAEB1981B331BB1005BCCF8 /* FastestRPM.app */;
			productType = "com.apple.product-type.application";
		};
		FAAEB1B01B331BB1005BCCF8 /* FastestRPMTests */ = {
			isa = PBXNativeTarget;
			buildConfigurationList = FAAEB1BE1B331BB1005BCCF8 /* Build configuration list for PBXNativeTarget "FastestRPMTests" */;
			buildPhases = (
				FAAEB1AD1B331BB1005BCCF8 /* Sources */,
				FAAEB1AE1B331BB1005BCCF8 /* Frameworks */,
				FAAEB1AF1B331BB1005BCCF8 /* Resources */,
			);
			buildRules = (
			);
			dependencies = (
				FAAEB1B31B331BB1005BCCF8 /* PBXTargetDependency */,
			);
			name = FastestRPMTests;
			productName = FastestRPMTests;
			productReference = FAAEB1B11B331BB1005BCCF8 /* FastestRPMTests.xctest */;
			productType = "com.apple.product-type.bundle.unit-test";
		};
/* End PBXNativeTarget section */

/* Begin PBXProject section */
		FAAEB1901B331BB1005BCCF8 /* Project object */ = {
			isa = PBXProject;
			attributes = {
				LastUpgradeCheck = 0630;
				ORGANIZATIONNAME = Alex;
				TargetAttributes = {
					FAAEB1971B331BB1005BCCF8 = {
						CreatedOnToolsVersion = 6.3.1;
					};
					FAAEB1B01B331BB1005BCCF8 = {
						CreatedOnToolsVersion = 6.3.1;
						TestTargetID = FAAEB1971B331BB1005BCCF8;
					};
				};
			};
			buildConfigurationList = FAAEB1931B331BB1005BCCF8 /* Build configuration list for PBXProject "FastestRPM" */;
			compatibilityVersion = "Xcode 3.2";
			developmentRegion = English;
			hasScannedForEncodings = 0;
			knownRegions = (
				en,
				Base,
			);
			mainGroup = FAAEB18F1B331BB1005BCCF8;
			productRefGroup = FAAEB1991B331BB1005BCCF8 /* Products */;
			projectDirPath = "";
			projectRoot = "";
			targets = (
				FAAEB1971B331BB1005BCCF8 /* FastestRPM */,
				FAAEB1B01B331BB1005BCCF8 /* FastestRPMTests */,
			);
		};
/* End PBXProject section */

/* Begin PBXResourcesBuildPhase section */
		FAAEB1961B331BB1005BCCF8 /* Resources */ = {
			isa = PBXResourcesBuildPhase;
			buildActionMask = 2147483647;
			files = (
				FAAEB1A71B331BB1005BCCF8 /* Main.storyboard in Resources */,
				FAAEB1AC1B331BB1005BCCF8 /* LaunchScreen.xib in Resources */,
				FAAEB1A91B331BB1005BCCF8 /* Images.xcassets in Resources */,
			);
			runOnlyForDeploymentPostprocessing = 0;
		};
		FAAEB1AF1B331BB1005BCCF8 /* Resources */ = {
			isa = PBXResourcesBuildPhase;
			buildActionMask = 2147483647;
			files = (
			);
			runOnlyForDeploymentPostprocessing = 0;
		};
/* End PBXResourcesBuildPhase section */

/* Begin PBXSourcesBuildPhase section */
		FAAEB1941B331BB1005BCCF8 /* Sources */ = {
			isa = PBXSourcesBuildPhase;
			buildActionMask = 2147483647;
			files = (
				FAAEB1A41B331BB1005BCCF8 /* ViewController.m in Sources */,
				FAAEB1A11B331BB1005BCCF8 /* AppDelegate.m in Sources */,
				FAAEB19E1B331BB1005BCCF8 /* main.m in Sources */,
			);
			runOnlyForDeploymentPostprocessing = 0;
		};
		FAAEB1AD1B331BB1005BCCF8 /* Sources */ = {
			isa = PBXSourcesBuildPhase;
			buildActionMask = 2147483647;
			files = (
				FAAEB1B81B331BB1005BCCF8 /* FastestRPMTests.m in Sources */,
			);
			runOnlyForDeploymentPostprocessing = 0;
		};
/* End PBXSourcesBuildPhase section */

/* Begin PBXTargetDependency section */
		FAAEB1B31B331BB1005BCCF8 /* PBXTargetDependency */ = {
			isa = PBXTargetDependency;
			target = FAAEB1971B331BB1005BCCF8 /* FastestRPM */;
			targetProxy = FAAEB1B21B331BB1005BCCF8 /* PBXContainerItemProxy */;
		};
/* End PBXTargetDependency section */

/* Begin PBXVariantGroup section */
		FAAEB1A51B331BB1005BCCF8 /* Main.storyboard */ = {
			isa = PBXVariantGroup;
			children = (
				FAAEB1A61B331BB1005BCCF8 /* Base */,
			);
			name = Main.storyboard;
			sourceTree = "<group>";
		};
		FAAEB1AA1B331BB1005BCCF8 /* LaunchScreen.xib */ = {
			isa = PBXVariantGroup;
			children = (
				FAAEB1AB1B331BB1005BCCF8 /* Base */,
			);
			name = LaunchScreen.xib;
			sourceTree = "<group>";
		};
/* End PBXVariantGroup section */

/* Begin XCBuildConfiguration section */
		FAAEB1B91B331BB1005BCCF8 /* Debug */ = {
			isa = XCBuildConfiguration;
			buildSettings = {
				ALWAYS_SEARCH_USER_PATHS = NO;
				CLANG_CXX_LANGUAGE_STANDARD = "gnu++0x";
				CLANG_CXX_LIBRARY = "libc++";
				CLANG_ENABLE_MODULES = YES;
				CLANG_ENABLE_OBJC_ARC = YES;
				CLANG_WARN_BOOL_CONVERSION = YES;
				CLANG_WARN_CONSTANT_CONVERSION = YES;
				CLANG_WARN_DIRECT_OBJC_ISA_USAGE = YES_ERROR;
				CLANG_WARN_EMPTY_BODY = YES;
				CLANG_WARN_ENUM_CONVERSION = YES;
				CLANG_WARN_INT_CONVERSION = YES;
				CLANG_WARN_OBJC_ROOT_CLASS = YES_ERROR;
				CLANG_WARN_UNREACHABLE_CODE = YES;
				CLANG_WARN__DUPLICATE_METHOD_MATCH = YES;
				"CODE_SIGN_IDENTITY[sdk=iphoneos*]" = "iPhone Developer";
				COPY_PHASE_STRIP = NO;
				DEBUG_INFORMATION_FORMAT = "dwarf-with-dsym";
				ENABLE_STRICT_OBJC_MSGSEND = YES;
				GCC_C_LANGUAGE_STANDARD = gnu99;
				GCC_DYNAMIC_NO_PIC = NO;
				GCC_NO_COMMON_BLOCKS = YES;
				GCC_OPTIMIZATION_LEVEL = 0;
				GCC_PREPROCESSOR_DEFINITIONS = (
					"DEBUG=1",
					"$(inherited)",
				);
				GCC_SYMBOLS_PRIVATE_EXTERN = NO;
				GCC_WARN_64_TO_32_BIT_CONVERSION = YES;
				GCC_WARN_ABOUT_RETURN_TYPE = YES_ERROR;
				GCC_WARN_UNDECLARED_SELECTOR = YES;
				GCC_WARN_UNINITIALIZED_AUTOS = YES_AGGRESSIVE;
				GCC_WARN_UNUSED_FUNCTION = YES;
				GCC_WARN_UNUSED_VARIABLE = YES;
				IPHONEOS_DEPLOYMENT_TARGET = 8.3;
				MTL_ENABLE_DEBUG_INFO = YES;
				ONLY_ACTIVE_ARCH = YES;
				SDKROOT = iphoneos;
			};
			name = Debug;
		};
		FAAEB1BA1B331BB1005BCCF8 /* Release */ = {
			isa = XCBuildConfiguration;
			buildSettings = {
				ALWAYS_SEARCH_USER_PATHS = NO;
				CLANG_CXX_LANGUAGE_STANDARD = "gnu++0x";
				CLANG_CXX_LIBRARY = "libc++";
				CLANG_ENABLE_MODULES = YES;
				CLANG_ENABLE_OBJC_ARC = YES;
				CLANG_WARN_BOOL_CONVERSION = YES;
				CLANG_WARN_CONSTANT_CONVERSION = YES;
				CLANG_WARN_DIRECT_OBJC_ISA_USAGE = YES_ERROR;
				CLANG_WARN_EMPTY_BODY = YES;
				CLANG_WARN_ENUM_CONVERSION = YES;
				CLANG_WARN_INT_CONVERSION = YES;
				CLANG_WARN_OBJC_ROOT_CLASS = YES_ERROR;
				CLANG_WARN_UNREACHABLE_CODE = YES;
				CLANG_WARN__DUPLICATE_METHOD_MATCH = YES;
				"CODE_SIGN_IDENTITY[sdk=iphoneos*]" = "iPhone Developer";
				COPY_PHASE_STRIP = NO;
				DEBUG_INFORMATION_FORMAT = "dwarf-with-dsym";
				ENABLE_NS_ASSERTIONS = NO;
				ENABLE_STRICT_OBJC_MSGSEND = YES;
				GCC_C_LANGUAGE_STANDARD = gnu99;
				GCC_NO_COMMON_BLOCKS = YES;
				GCC_WARN_64_TO_32_BIT_CONVERSION = YES;
				GCC_WARN_ABOUT_RETURN_TYPE = YES_ERROR;
				GCC_WARN_UNDECLARED_SELECTOR = YES;
				GCC_WARN_UNINITIALIZED_AUTOS = YES_AGGRESSIVE;
				GCC_WARN_UNUSED_FUNCTION = YES;
				GCC_WARN_UNUSED_VARIABLE = YES;
				IPHONEOS_DEPLOYMENT_TARGET = 8.3;
				MTL_ENABLE_DEBUG_INFO = NO;
				SDKROOT = iphoneos;
				VALIDATE_PRODUCT = YES;
			};
			name = Release;
		};
		FAAEB1BC1B331BB1005BCCF8 /* Debug */ = {
			isa = XCBuildConfiguration;
			buildSettings = {
				ASSETCATALOG_COMPILER_APPICON_NAME = AppIcon;
				INFOPLIST_FILE = FastestRPM/Info.plist;
				LD_RUNPATH_SEARCH_PATHS = "$(inherited) @executable_path/Frameworks";
				PRODUCT_NAME = "$(TARGET_NAME)";
			};
			name = Debug;
		};
		FAAEB1BD1B331BB1005BCCF8 /* Release */ = {
			isa = XCBuildConfiguration;
			buildSettings = {
				ASSETCATALOG_COMPILER_APPICON_NAME = AppIcon;
				INFOPLIST_FILE = FastestRPM/Info.plist;
				LD_RUNPATH_SEARCH_PATHS = "$(inherited) @executable_path/Frameworks";
				PRODUCT_NAME = "$(TARGET_NAME)";
			};
			name = Release;
		};
		FAAEB1BF1B331BB1005BCCF8 /* Debug */ = {
			isa = XCBuildConfiguration;
			buildSettings = {
				BUNDLE_LOADER = "$(TEST_HOST)";
				FRAMEWORK_SEARCH_PATHS = (
					"$(SDKROOT)/Developer/Library/Frameworks",
					"$(inherited)",
				);
				GCC_PREPROCESSOR_DEFINITIONS = (
					"DEBUG=1",
					"$(inherited)",
				);
				INFOPLIST_FILE = FastestRPMTests/Info.plist;
				LD_RUNPATH_SEARCH_PATHS = "$(inherited) @executable_path/Frameworks @loader_path/Frameworks";
				PRODUCT_NAME = "$(TARGET_NAME)";
				TEST_HOST = "$(BUILT_PRODUCTS_DIR)/FastestRPM.app/FastestRPM";
			};
			name = Debug;
		};
		FAAEB1C01B331BB1005BCCF8 /* Release */ = {
			isa = XCBuildConfiguration;
			buildSettings = {
				BUNDLE_LOADER = "$(TEST_HOST)";
				FRAMEWORK_SEARCH_PATHS = (
					"$(SDKROOT)/Developer/Library/Frameworks",
					"$(inherited)",
				);
				INFOPLIST_FILE = FastestRPMTests/Info.plist;
				LD_RUNPATH_SEARCH_PATHS = "$(inherited) @executable_path/Frameworks @loader_path/Frameworks";
				PRODUCT_NAME = "$(TARGET_NAME)";
				TEST_HOST = "$(BUILT_PRODUCTS_DIR)/FastestRPM.app/FastestRPM";
			};
			name = Release;
		};
/* End XCBuildConfiguration section */

/* Begin XCConfigurationList section */
		FAAEB1931B331BB1005BCCF8 /* Build configuration list for PBXProject "FastestRPM" */ = {
			isa = XCConfigurationList;
			buildConfigurations = (
				FAAEB1B91B331BB1005BCCF8 /* Debug */,
				FAAEB1BA1B331BB1005BCCF8 /* Release */,
			);
			defaultConfigurationIsVisible = 0;
			defaultConfigurationName = Release;
		};
		FAAEB1BB1B331BB1005BCCF8 /* Build configuration list for PBXNativeTarget "FastestRPM" */ = {
			isa = XCConfigurationList;
			buildConfigurations = (
				FAAEB1BC1B331BB1005BCCF8 /* Debug */,
				FAAEB1BD1B331BB1005BCCF8 /* Release */,
			);
			defaultConfigurationIsVisible = 0;
		};
		FAAEB1BE1B331BB1005BCCF8 /* Build configuration list for PBXNativeTarget "FastestRPMTests" */ = {
			isa = XCConfigurationList;
			buildConfigurations = (
				FAAEB1BF1B331BB1005BCCF8 /* Debug */,
				FAAEB1C01B331BB1005BCCF8 /* Release */,
			);
			defaultConfigurationIsVisible = 0;
		};
/* End XCConfigurationList section */
	};
	rootObject = FAAEB1901B331BB1005BCCF8 /* Project object */;
}
